# This file is automatically @generated by Cargo.
# It is not intended for manual editing.
version = 4

[[package]]
name = "zorg-capture"
version = "0.1.0"
dependencies = [
 "zorg-core",
]

[[package]]
name = "zorg-cli"
version = "0.1.0"
dependencies = [
 "zorg-capture",
 "zorg-core",
 "zorg-fix",
 "zorg-parse",
 "zorg-query",
 "zorg-store",
]

[[package]]
name = "zorg-core"
version = "0.1.0"

[[package]]
name = "zorg-fix"
version = "0.1.0"
dependencies = [
 "zorg-core",
]

[[package]]
name = "zorg-ls"
version = "0.1.0"
dependencies = [
 "zorg-core",
]

[[package]]
name = "zorg-parse"
version = "0.1.0"
dependencies = [
 "zorg-core",
]

[[package]]
name = "zorg-query"
version = "0.1.0"
dependencies = [
 "zorg-core",
]

[[package]]
name = "zorg-store"
version = "0.1.0"
dependencies = [
 "zorg-core",
]
